
Microsoft Visual Studio Solution File, Format Version 12.00
# Visual Studio Version 17
VisualStudioVersion = 17.5.002.0
MinimumVisualStudioVersion = 10.0.40219.1
Project("{9A19103F-16F7-4668-BE54-9A1E7A4F7556}") = "SqlQueryGenerator", "SqlQueryGenerator.csproj", "{BA592243-12D0-4F5B-A044-349FA8F96082}"
EndProject
Global
	GlobalSection(SolutionConfigurationPlatforms) = preSolution
		Debug|Any CPU = Debug|Any CPU
		Release|Any CPU = Release|Any CPU
	EndGlobalSection
	GlobalSection(ProjectConfigurationPlatforms) = postSolution
		{BA592243-12D0-4F5B-A044-349FA8F96082}.Debug|Any CPU.ActiveCfg = Debug|Any CPU
		{BA592243-12D0-4F5B-A044-349FA8F96082}.Debug|Any CPU.Build.0 = Debug|Any CPU
		{BA592243-12D0-4F5B-A044-349FA8F96082}.Release|Any CPU.ActiveCfg = Release|Any CPU
		{BA592243-12D0-4F5B-A044-349FA8F96082}.Release|Any CPU.Build.0 = Release|Any CPU
	EndGlobalSection
	GlobalSection(SolutionProperties) = preSolution
		HideSolutionNode = FALSE
	EndGlobalSection
	GlobalSection(ExtensibilityGlobals) = postSolution
		SolutionGuid = {4665CA82-BD11-40AC-A788-F4A496C2C28B}
	EndGlobalSection
EndGlobal
